
Microsoft Visual Studio Solution File, Format Version 12.00
# Visual Studio Version 17
VisualStudioVersion = 17.13.35825.156 d17.13
MinimumVisualStudioVersion = 10.0.40219.1
Project("{FAE04EC0-301F-11D3-BF4B-00C04F79EFBC}") = "RoarMot", "RoarMot.csproj", "{444A0BC7-4725-48B8-A738-012BF42D29B9}"
EndProject
Global
	GlobalSection(SolutionConfigurationPlatforms) = preSolution
		Debug|Any CPU = Debug|Any CPU
		Release|Any CPU = Release|Any CPU
	EndGlobalSection
	GlobalSection(ProjectConfigurationPlatforms) = postSolution
		{444A0BC7-4725-48B8-A738-012BF42D29B9}.Debug|Any CPU.ActiveCfg = Debug|Any CPU
		{444A0BC7-4725-48B8-A738-012BF42D29B9}.Debug|Any CPU.Build.0 = Debug|Any CPU
		{444A0BC7-4725-48B8-A738-012BF42D29B9}.Release|Any CPU.ActiveCfg = Release|Any CPU
		{444A0BC7-4725-48B8-A738-012BF42D29B9}.Release|Any CPU.Build.0 = Release|Any CPU
	EndGlobalSection
	GlobalSection(SolutionProperties) = preSolution
		HideSolutionNode = FALSE
	EndGlobalSection
	GlobalSection(ExtensibilityGlobals) = postSolution
		SolutionGuid = {AEFF0F17-6F03-42B5-B03B-A25C4E00940C}
	EndGlobalSection
EndGlobal
